
Microsoft Visual Studio Solution File, Format Version 12.00
# Visual Studio Version 16
VisualStudioVersion = 16.0.29102.190
MinimumVisualStudioVersion = 10.0.40219.1
Project("{FAE04EC0-301F-11D3-BF4B-00C04F79EFBC}") = "Assistant.DAL.Core", "Assistant.DAL.Core\Assistant.DAL.Core.csproj", "{E463BF16-0706-4BC9-B79C-294E28B26C17}"
EndProject
Global
	GlobalSection(SolutionConfigurationPlatforms) = preSolution
		Debug|Any CPU = Debug|Any CPU
		Release|Any CPU = Release|Any CPU
	EndGlobalSection
	GlobalSection(ProjectConfigurationPlatforms) = postSolution
		{E463BF16-0706-4BC9-B79C-294E28B26C17}.Debug|Any CPU.ActiveCfg = Debug|Any CPU
		{E463BF16-0706-4BC9-B79C-294E28B26C17}.Debug|Any CPU.Build.0 = Debug|Any CPU
		{E463BF16-0706-4BC9-B79C-294E28B26C17}.Release|Any CPU.ActiveCfg = Release|Any CPU
		{E463BF16-0706-4BC9-B79C-294E28B26C17}.Release|Any CPU.Build.0 = Release|Any CPU
	EndGlobalSection
	GlobalSection(SolutionProperties) = preSolution
		HideSolutionNode = FALSE
	EndGlobalSection
	GlobalSection(ExtensibilityGlobals) = postSolution
		SolutionGuid = {AEC06D0B-AEFC-4D24-A4E8-ADB519D38C3A}
	EndGlobalSection
EndGlobal
