
Microsoft Visual Studio Solution File, Format Version 12.00
# Visual Studio Version 16
VisualStudioVersion = 16.0.29102.190
MinimumVisualStudioVersion = 10.0.40219.1
Project("{2150E333-8FDC-42A3-9474-1A3956D46DE8}") = "UserInterface", "UserInterface", "{8A6228C3-938D-4B9D-BF99-C14CB211654A}"
EndProject
Project("{2150E333-8FDC-42A3-9474-1A3956D46DE8}") = "Common", "Common", "{FD863068-007A-4D8F-961E-455D7729BE55}"
EndProject
Project("{FAE04EC0-301F-11D3-BF4B-00C04F79EFBC}") = "Task.CommonTypes", "Common\Task.CommonTypes\Task.CommonTypes.csproj", "{CC038F4B-B875-4E8E-B938-8E624EE5D64E}"
EndProject
Project("{FAE04EC0-301F-11D3-BF4B-00C04F79EFBC}") = "Task.ConsoleApp", "UserInterface\Task.ConsoleApp\Task.ConsoleApp.csproj", "{D383FA8F-8B93-45F2-B8F1-7FA5CA99112F}"
EndProject
Project("{2150E333-8FDC-42A3-9474-1A3956D46DE8}") = "BLL", "BLL", "{F10950FA-0A24-41BA-89B5-A383BB26BA5E}"
EndProject
Project("{FAE04EC0-301F-11D3-BF4B-00C04F79EFBC}") = "Task.ProcessingLogic", "BLL\Task.ProcessingLogic\Task.ProcessingLogic.csproj", "{B19FD76A-3024-4997-AE7B-97AE89BC86A2}"
EndProject
Project("{2150E333-8FDC-42A3-9474-1A3956D46DE8}") = "DAL", "DAL", "{A02D6E72-B41C-4A28-A432-29BCDA2EDB61}"
EndProject
Project("{FAE04EC0-301F-11D3-BF4B-00C04F79EFBC}") = "Task.StaticStorage", "DAL\Task.StaticStorage\Task.StaticStorage.csproj", "{514C049A-E49F-46EC-9154-329B151336D1}"
EndProject
Global
	GlobalSection(SolutionConfigurationPlatforms) = preSolution
		Debug|Any CPU = Debug|Any CPU
		Release|Any CPU = Release|Any CPU
	EndGlobalSection
	GlobalSection(ProjectConfigurationPlatforms) = postSolution
		{CC038F4B-B875-4E8E-B938-8E624EE5D64E}.Debug|Any CPU.ActiveCfg = Debug|Any CPU
		{CC038F4B-B875-4E8E-B938-8E624EE5D64E}.Debug|Any CPU.Build.0 = Debug|Any CPU
		{CC038F4B-B875-4E8E-B938-8E624EE5D64E}.Release|Any CPU.ActiveCfg = Release|Any CPU
		{CC038F4B-B875-4E8E-B938-8E624EE5D64E}.Release|Any CPU.Build.0 = Release|Any CPU
		{D383FA8F-8B93-45F2-B8F1-7FA5CA99112F}.Debug|Any CPU.ActiveCfg = Debug|Any CPU
		{D383FA8F-8B93-45F2-B8F1-7FA5CA99112F}.Debug|Any CPU.Build.0 = Debug|Any CPU
		{D383FA8F-8B93-45F2-B8F1-7FA5CA99112F}.Release|Any CPU.ActiveCfg = Release|Any CPU
		{D383FA8F-8B93-45F2-B8F1-7FA5CA99112F}.Release|Any CPU.Build.0 = Release|Any CPU
		{B19FD76A-3024-4997-AE7B-97AE89BC86A2}.Debug|Any CPU.ActiveCfg = Debug|Any CPU
		{B19FD76A-3024-4997-AE7B-97AE89BC86A2}.Debug|Any CPU.Build.0 = Debug|Any CPU
		{B19FD76A-3024-4997-AE7B-97AE89BC86A2}.Release|Any CPU.ActiveCfg = Release|Any CPU
		{B19FD76A-3024-4997-AE7B-97AE89BC86A2}.Release|Any CPU.Build.0 = Release|Any CPU
		{514C049A-E49F-46EC-9154-329B151336D1}.Debug|Any CPU.ActiveCfg = Debug|Any CPU
		{514C049A-E49F-46EC-9154-329B151336D1}.Debug|Any CPU.Build.0 = Debug|Any CPU
		{514C049A-E49F-46EC-9154-329B151336D1}.Release|Any CPU.ActiveCfg = Release|Any CPU
		{514C049A-E49F-46EC-9154-329B151336D1}.Release|Any CPU.Build.0 = Release|Any CPU
	EndGlobalSection
	GlobalSection(SolutionProperties) = preSolution
		HideSolutionNode = FALSE
	EndGlobalSection
	GlobalSection(NestedProjects) = preSolution
		{CC038F4B-B875-4E8E-B938-8E624EE5D64E} = {FD863068-007A-4D8F-961E-455D7729BE55}
		{D383FA8F-8B93-45F2-B8F1-7FA5CA99112F} = {8A6228C3-938D-4B9D-BF99-C14CB211654A}
		{B19FD76A-3024-4997-AE7B-97AE89BC86A2} = {F10950FA-0A24-41BA-89B5-A383BB26BA5E}
		{514C049A-E49F-46EC-9154-329B151336D1} = {A02D6E72-B41C-4A28-A432-29BCDA2EDB61}
	EndGlobalSection
	GlobalSection(ExtensibilityGlobals) = postSolution
		SolutionGuid = {AEC06D0B-AEFC-4D24-A4E8-ADB519D38C3A}
	EndGlobalSection
EndGlobal
